
Microsoft Visual Studio Solution File, Format Version 12.00
# Visual Studio Version 17
VisualStudioVersion = 17.5.002.0
MinimumVisualStudioVersion = 10.0.40219.1
Project("{9A19103F-16F7-4668-BE54-9A1E7A4F7556}") = "Develop02", "Develop02.csproj", "{A303CF42-0233-46CA-9DA3-DB4FE6B8C91A}"
EndProject
Global
	GlobalSection(SolutionConfigurationPlatforms) = preSolution
		Debug|Any CPU = Debug|Any CPU
		Release|Any CPU = Release|Any CPU
	EndGlobalSection
	GlobalSection(ProjectConfigurationPlatforms) = postSolution
		{A303CF42-0233-46CA-9DA3-DB4FE6B8C91A}.Debug|Any CPU.ActiveCfg = Debug|Any CPU
		{A303CF42-0233-46CA-9DA3-DB4FE6B8C91A}.Debug|Any CPU.Build.0 = Debug|Any CPU
		{A303CF42-0233-46CA-9DA3-DB4FE6B8C91A}.Release|Any CPU.ActiveCfg = Release|Any CPU
		{A303CF42-0233-46CA-9DA3-DB4FE6B8C91A}.Release|Any CPU.Build.0 = Release|Any CPU
	EndGlobalSection
	GlobalSection(SolutionProperties) = preSolution
		HideSolutionNode = FALSE
	EndGlobalSection
	GlobalSection(ExtensibilityGlobals) = postSolution
		SolutionGuid = {388A326A-2BAC-4C92-B839-E5FCFF50EBE7}
	EndGlobalSection
EndGlobal
